
Microsoft Visual Studio Solution File, Format Version 12.00
# Visual Studio 2013
VisualStudioVersion = 12.0.30723.0
MinimumVisualStudioVersion = 10.0.40219.1
Project("{FAE04EC0-301F-11D3-BF4B-00C04F79EFBC}") = "HTML5_Networking", "HTML5_Networking\HTML5_Networking.csproj", "{A04C6D47-191A-4D4A-9D7A-7458E5F6254C}"
EndProject
Project("{FAE04EC0-301F-11D3-BF4B-00C04F79EFBC}") = "CorsClient", "CorsClient\CorsClient.csproj", "{71F2ED45-676B-4434-990C-517492051FD5}"
EndProject
Global
	GlobalSection(SolutionConfigurationPlatforms) = preSolution
		Debug|Any CPU = Debug|Any CPU
		Release|Any CPU = Release|Any CPU
	EndGlobalSection
	GlobalSection(ProjectConfigurationPlatforms) = postSolution
		{A04C6D47-191A-4D4A-9D7A-7458E5F6254C}.Debug|Any CPU.ActiveCfg = Debug|Any CPU
		{A04C6D47-191A-4D4A-9D7A-7458E5F6254C}.Debug|Any CPU.Build.0 = Debug|Any CPU
		{A04C6D47-191A-4D4A-9D7A-7458E5F6254C}.Release|Any CPU.ActiveCfg = Release|Any CPU
		{A04C6D47-191A-4D4A-9D7A-7458E5F6254C}.Release|Any CPU.Build.0 = Release|Any CPU
		{71F2ED45-676B-4434-990C-517492051FD5}.Debug|Any CPU.ActiveCfg = Debug|Any CPU
		{71F2ED45-676B-4434-990C-517492051FD5}.Debug|Any CPU.Build.0 = Debug|Any CPU
		{71F2ED45-676B-4434-990C-517492051FD5}.Release|Any CPU.ActiveCfg = Release|Any CPU
		{71F2ED45-676B-4434-990C-517492051FD5}.Release|Any CPU.Build.0 = Release|Any CPU
	EndGlobalSection
	GlobalSection(SolutionProperties) = preSolution
		HideSolutionNode = FALSE
	EndGlobalSection
EndGlobal
